PODS:
  - Alamofire (4.9.1)
  - AsyncImageView (1.6)
  - HCSStarRatingView (1.5)
  - SnapKit (4.0.1)
  - SwiftyJSON (4.3.0)

DEPENDENCIES:
  - Alamofire
  - AsyncImageView
  - HCSStarRatingView
  - SnapKit (~> 4.0.0)
  - SwiftyJSON (~> 4.0)

SPEC REPOS:
  trunk:
    - Alamofire
    - AsyncImageView
    - HCSStarRatingView
    - SnapKit
    - SwiftyJSON

SPEC CHECKSUMS:
  Alamofire: 85e8a02c69d6020a0d734f6054870d7ecb75cf18
  AsyncImageView: 416e99402e5b1f20571de70ad619ced90f56a7d9
  HCSStarRatingView: 1d18f79654735514cd6f00e6d90e38cb6320dc31
  SnapKit: 0de968a9fec17499afa29683b05d0c775b6d1c29
  SwiftyJSON: 6faa0040f8b59dead0ee07436cbf76b73c08fd08

PODFILE CHECKSUM: 856a746fdd5212f23062b188a0287beeae0a1df0

COCOAPODS: 1.8.4
