PODS:
  - Alamofire (4.4.0)
  - AsyncImageView (1.6)
  - HCSStarRatingView (1.4.5)
  - ImageSliderView (1.1.0):
    - AsyncImageView (= 1.6)
    - SnapKit (= 3.2.0)
  - SnapKit (3.2.0)
  - SwiftyJSON (3.1.4)

DEPENDENCIES:
  - Alamofire (~> 4.4.0)
  - AsyncImageView (= 1.6)
  - HCSStarRatingView (~> 1.4.3)
  - ImageSliderView (from `https://github.com/codetoart/ImageSliderView.git`)
  - SnapKit (= 3.2.0)
  - SwiftyJSON (~> 3.1.4)

EXTERNAL SOURCES:
  ImageSliderView:
    :git: https://github.com/codetoart/ImageSliderView.git

CHECKOUT OPTIONS:
  ImageSliderView:
    :commit: 66116e91a7df205c474e251e006508d20c4e2a7f
    :git: https://github.com/codetoart/ImageSliderView.git

SPEC CHECKSUMS:
  Alamofire: dc44b1600b800eb63da6a19039a0083d62a6a62d
  AsyncImageView: 416e99402e5b1f20571de70ad619ced90f56a7d9
  HCSStarRatingView: bff3f89314d3b5013ce826ea11897d3129ff6b8c
  ImageSliderView: ea67273d4e3cc7f0d3889732b4fada36959dc8b8
  SnapKit: 1ca44df72cfa543218d177cb8aab029d10d86ea7
  SwiftyJSON: c2842d878f95482ffceec5709abc3d05680c0220

PODFILE CHECKSUM: 48245f91a944b57854728b4d8f368574cc7c4ed0

COCOAPODS: 1.4.0
