PODS:
  - Alamofire (3.5.1)
  - AsyncImageView (1.6)
  - HCSStarRatingView (1.4.5)
  - ImageSliderView (0.0.1):
    - AsyncImageView (= 1.6)
    - SnapKit (= 0.22.0)
  - SnapKit (0.22.0)
  - SwiftyJSON (2.4.0)

DEPENDENCIES:
  - Alamofire (~> 3.5.0)
  - AsyncImageView (= 1.6)
  - HCSStarRatingView (~> 1.4.3)
  - ImageSliderView (from `git@github.com:codetoart/ImageSliderView.git`)
  - SnapKit (= 0.22.0)
  - SwiftyJSON (~> 2.4.0)

EXTERNAL SOURCES:
  ImageSliderView:
    :git: git@github.com:codetoart/ImageSliderView.git

CHECKOUT OPTIONS:
  ImageSliderView:
    :commit: a5f76339f566e0f7cc1f29fcd589e191fc018e35
    :git: git@github.com:codetoart/ImageSliderView.git

SPEC CHECKSUMS:
  Alamofire: 0dfba1184a543e2aa160f4e39cac4e8aba48d223
  AsyncImageView: 416e99402e5b1f20571de70ad619ced90f56a7d9
  HCSStarRatingView: bff3f89314d3b5013ce826ea11897d3129ff6b8c
  ImageSliderView: 73ed12b9ed552eb9f94c40007bb89b0aed610f36
  SnapKit: 0dd2fd157330f1ea11fd84da13e6be8a7a22bae0
  SwiftyJSON: 96918c1bf505efa50c4f72957018dd3452090c9c

PODFILE CHECKSUM: 635bcafa80d35b6d825fc1cd3711f22c64e9807e

COCOAPODS: 1.0.1
